// !$*UTF8*$!
{
	archiveVersion = 1;
	classes = {
	};
	objectVersion = 46;
	objects = {

/* Begin PBXBuildFile section */
		450BEB2C1820661C00EEFD5B /* CBActivityView.m in Sources */ = {isa = PBXBuildFile; fileRef = 450BEB2B1820661C00EEFD5B /* CBActivityView.m */; };
		4527B93B187066B3003A17E9 /* DMMapView.m in Sources */ = {isa = PBXBuildFile; fileRef = 4527B93A187066B3003A17E9 /* DMMapView.m */; };
		4527B940187066EA003A17E9 /* DMMapFile.m in Sources */ = {isa = PBXBuildFile; fileRef = 4527B93F187066EA003A17E9 /* DMMapFile.m */; };
		4544278D1826B3CC00EA95BD /* AVFoundation.framework in Frameworks */ = {isa = PBXBuildFile; fileRef = 4544278C1826B3CC00EA95BD /* AVFoundation.framework */; };
		4544278F1826B3D600EA95BD /* CoreData.framework in Frameworks */ = {isa = PBXBuildFile; fileRef = 4544278E1826B3D600EA95BD /* CoreData.framework */; };
		454427911826B3E300EA95BD /* SystemConfiguration.framework in Frameworks */ = {isa = PBXBuildFile; fileRef = 454427901826B3E300EA95BD /* SystemConfiguration.framework */; };
		454427931826B3EE00EA95BD /* OpenGLES.framework in Frameworks */ = {isa = PBXBuildFile; fileRef = 454427921826B3EE00EA95BD /* OpenGLES.framework */; };
		454427951826B3F900EA95BD /* GLKit.framework in Frameworks */ = {isa = PBXBuildFile; fileRef = 454427941826B3F900EA95BD /* GLKit.framework */; };
		454427971826B3FD00EA95BD /* ImageIO.framework in Frameworks */ = {isa = PBXBuildFile; fileRef = 454427961826B3FD00EA95BD /* ImageIO.framework */; };
		454427991826B40300EA95BD /* CoreText.framework in Frameworks */ = {isa = PBXBuildFile; fileRef = 454427981826B40300EA95BD /* CoreText.framework */; };
		4544279B1826B40900EA95BD /* CoreLocation.framework in Frameworks */ = {isa = PBXBuildFile; fileRef = 4544279A1826B40900EA95BD /* CoreLocation.framework */; };
		4544279D1826B40D00EA95BD /* libc++.dylib in Frameworks */ = {isa = PBXBuildFile; fileRef = 4544279C1826B40D00EA95BD /* libc++.dylib */; };
		4544279F1826B41800EA95BD /* libicucore.dylib in Frameworks */ = {isa = PBXBuildFile; fileRef = 4544279E1826B41800EA95BD /* libicucore.dylib */; };
		454427A11826B41D00EA95BD /* libobjc.dylib in Frameworks */ = {isa = PBXBuildFile; fileRef = 454427A01826B41D00EA95BD /* libobjc.dylib */; };
		454427A31826B45A00EA95BD /* CoreFoundation.framework in Frameworks */ = {isa = PBXBuildFile; fileRef = 454427A21826B45A00EA95BD /* CoreFoundation.framework */; };
		4578F10016596CC3004DA0B2 /* DMAppDelegate.m in Sources */ = {isa = PBXBuildFile; fileRef = 4578F0FB16596CC3004DA0B2 /* DMAppDelegate.m */; };
		4578F10116596CC3004DA0B2 /* DMMapPickerViewController.m in Sources */ = {isa = PBXBuildFile; fileRef = 4578F0FD16596CC3004DA0B2 /* DMMapPickerViewController.m */; };
		4578F10216596CC3004DA0B2 /* DMMapViewController.m in Sources */ = {isa = PBXBuildFile; fileRef = 4578F0FF16596CC3004DA0B2 /* DMMapViewController.m */; };
		4578F10D16596CD1004DA0B2 /* main.m in Sources */ = {isa = PBXBuildFile; fileRef = 4578F10816596CD1004DA0B2 /* main.m */; };
		45A3E9A61795F3FD00289F1A /* DMMapPickerViews.m in Sources */ = {isa = PBXBuildFile; fileRef = 45A3E9A51795F3FD00289F1A /* DMMapPickerViews.m */; };
		45C5D05B17E3B3B10026477C /* libxml2.dylib in Frameworks */ = {isa = PBXBuildFile; fileRef = 45C5D05A17E3B3B10026477C /* libxml2.dylib */; };
		45CA605B17E3C1BB00E6F835 /* DMProfile.m in Sources */ = {isa = PBXBuildFile; fileRef = 45CA605A17E3C1BB00E6F835 /* DMProfile.m */; };
		45CA606617E3C41800E6F835 /* DMTask.m in Sources */ = {isa = PBXBuildFile; fileRef = 45CA606317E3C41800E6F835 /* DMTask.m */; };
		45CA607717E3C73800E6F835 /* DMImageProcessor.m in Sources */ = {isa = PBXBuildFile; fileRef = 45CA607617E3C73800E6F835 /* DMImageProcessor.m */; };
		45D824AD19E0060C007E06EC /* Launch Screen.xib in Resources */ = {isa = PBXBuildFile; fileRef = 45D824AC19E0060C007E06EC /* Launch Screen.xib */; };
		45F9814817E4684500842EB1 /* libtouchzipkit.a in Frameworks */ = {isa = PBXBuildFile; fileRef = 45CA609A17E4680F00E6F835 /* libtouchzipkit.a */; };
		5B0A3FD61805473300A4907B /* Images.xcassets in Resources */ = {isa = PBXBuildFile; fileRef = 5B0A3FD51805473300A4907B /* Images.xcassets */; };
		5B4CB9101797F63A00F0CC19 /* UINavigationBar+CBDropShadow.m in Sources */ = {isa = PBXBuildFile; fileRef = 5B4CB90F1797F63A00F0CC19 /* UINavigationBar+CBDropShadow.m */; };
		5B4CB9141797F65100F0CC19 /* CBColorMaskedButton.m in Sources */ = {isa = PBXBuildFile; fileRef = 5B4CB9131797F65100F0CC19 /* CBColorMaskedButton.m */; };
		5B6E2E73164D274E00A91687 /* UIKit.framework in Frameworks */ = {isa = PBXBuildFile; fileRef = 5B6E2E72164D274E00A91687 /* UIKit.framework */; };
		5B6E2E75164D274E00A91687 /* Foundation.framework in Frameworks */ = {isa = PBXBuildFile; fileRef = 5B6E2E74164D274E00A91687 /* Foundation.framework */; };
		5B6E2E77164D274E00A91687 /* CoreGraphics.framework in Frameworks */ = {isa = PBXBuildFile; fileRef = 5B6E2E76164D274E00A91687 /* CoreGraphics.framework */; };
		5B6E2EF9164D5B6300A91687 /* libz.dylib in Frameworks */ = {isa = PBXBuildFile; fileRef = 5B6E2EF8164D5B6300A91687 /* libz.dylib */; };
		5B6E2EFB164D5B7E00A91687 /* QuartzCore.framework in Frameworks */ = {isa = PBXBuildFile; fileRef = 5B6E2EFA164D5B7E00A91687 /* QuartzCore.framework */; };
		5B8D527617B153A600A21035 /* CBStyledControls.m in Sources */ = {isa = PBXBuildFile; fileRef = 5B8D527317B153A600A21035 /* CBStyledControls.m */; };
		5B8D527717B153A600A21035 /* CBStyleKit.m in Sources */ = {isa = PBXBuildFile; fileRef = 5B8D527517B153A600A21035 /* CBStyleKit.m */; };
		5BFC1B651795826200BB407D /* BVReorderTableView.m in Sources */ = {isa = PBXBuildFile; fileRef = 5BFC1B641795826200BB407D /* BVReorderTableView.m */; };
		5BFC1D851795976700BB407D /* DMFileManager.m in Sources */ = {isa = PBXBuildFile; fileRef = 5BFC1D841795976700BB407D /* DMFileManager.m */; };
		CD9A8ECF2C4FDF9C4A5C9C15 /* Pods.framework in Frameworks */ = {isa = PBXBuildFile; fileRef = DDF19FC59861679A532E7255 /* Pods.framework */; };
/* End PBXBuildFile section */

/* Begin PBXContainerItemProxy section */
		456D015817E46853000C26E3 /* PBXContainerItemProxy */ = {
			isa = PBXContainerItemProxy;
			containerPortal = 45CA608F17E4680F00E6F835 /* ZipKit.xcodeproj */;
			proxyType = 1;
			remoteGlobalIDString = CB6F0A9717484BDE00F91524;
			remoteInfo = touchzipkit;
		};
		45CA609517E4680F00E6F835 /* PBXContainerItemProxy */ = {
			isa = PBXContainerItemProxy;
			containerPortal = 45CA608F17E4680F00E6F835 /* ZipKit.xcodeproj */;
			proxyType = 2;
			remoteGlobalIDString = CB6F09CE174838FC00F91524;
			remoteInfo = ZipKit;
		};
		45CA609717E4680F00E6F835 /* PBXContainerItemProxy */ = {
			isa = PBXContainerItemProxy;
			containerPortal = 45CA608F17E4680F00E6F835 /* ZipKit.xcodeproj */;
			proxyType = 2;
			remoteGlobalIDString = CB6F0A4617483E5000F91524;
			remoteInfo = zipkit;
		};
		45CA609917E4680F00E6F835 /* PBXContainerItemProxy */ = {
			isa = PBXContainerItemProxy;
			containerPortal = 45CA608F17E4680F00E6F835 /* ZipKit.xcodeproj */;
			proxyType = 2;
			remoteGlobalIDString = CB6F0A9817484BDE00F91524;
			remoteInfo = touchzipkit;
		};
/* End PBXContainerItemProxy section */

/* Begin PBXFileReference section */
		3AF9A75C3A73261A1089DAC1 /* Pods.release.xcconfig */ = {isa = PBXFileReference; includeInIndex = 1; lastKnownFileType = text.xcconfig; name = Pods.release.xcconfig; path = "../Pods/Target Support Files/Pods/Pods.release.xcconfig"; sourceTree = "<group>"; };
		450BEB2A1820661C00EEFD5B /* CBActivityView.h */ = {isa = PBXFileReference; fileEncoding = 4; lastKnownFileType = sourcecode.c.h; path = CBActivityView.h; sourceTree = "<group>"; };
		450BEB2B1820661C00EEFD5B /* CBActivityView.m */ = {isa = PBXFileReference; fileEncoding = 4; lastKnownFileType = sourcecode.c.objc; path = CBActivityView.m; sourceTree = "<group>"; };
		4527B939187066B3003A17E9 /* DMMapView.h */ = {isa = PBXFileReference; fileEncoding = 4; lastKnownFileType = sourcecode.c.h; path = DMMapView.h; sourceTree = "<group>"; };
		4527B93A187066B3003A17E9 /* DMMapView.m */ = {isa = PBXFileReference; fileEncoding = 4; lastKnownFileType = sourcecode.c.objc; path = DMMapView.m; sourceTree = "<group>"; };
		4527B93E187066EA003A17E9 /* DMMapFile.h */ = {isa = PBXFileReference; fileEncoding = 4; lastKnownFileType = sourcecode.c.h; path = DMMapFile.h; sourceTree = "<group>"; };
		4527B93F187066EA003A17E9 /* DMMapFile.m */ = {isa = PBXFileReference; fileEncoding = 4; lastKnownFileType = sourcecode.c.objc; path = DMMapFile.m; sourceTree = "<group>"; };
		4544278C1826B3CC00EA95BD /* AVFoundation.framework */ = {isa = PBXFileReference; lastKnownFileType = wrapper.framework; name = AVFoundation.framework; path = System/Library/Frameworks/AVFoundation.framework; sourceTree = SDKROOT; };
		4544278E1826B3D600EA95BD /* CoreData.framework */ = {isa = PBXFileReference; lastKnownFileType = wrapper.framework; name = CoreData.framework; path = System/Library/Frameworks/CoreData.framework; sourceTree = SDKROOT; };
		454427901826B3E300EA95BD /* SystemConfiguration.framework */ = {isa = PBXFileReference; lastKnownFileType = wrapper.framework; name = SystemConfiguration.framework; path = System/Library/Frameworks/SystemConfiguration.framework; sourceTree = SDKROOT; };
		454427921826B3EE00EA95BD /* OpenGLES.framework */ = {isa = PBXFileReference; lastKnownFileType = wrapper.framework; name = OpenGLES.framework; path = System/Library/Frameworks/OpenGLES.framework; sourceTree = SDKROOT; };
		454427941826B3F900EA95BD /* GLKit.framework */ = {isa = PBXFileReference; lastKnownFileType = wrapper.framework; name = GLKit.framework; path = System/Library/Frameworks/GLKit.framework; sourceTree = SDKROOT; };
		454427961826B3FD00EA95BD /* ImageIO.framework */ = {isa = PBXFileReference; lastKnownFileType = wrapper.framework; name = ImageIO.framework; path = System/Library/Frameworks/ImageIO.framework; sourceTree = SDKROOT; };
		454427981826B40300EA95BD /* CoreText.framework */ = {isa = PBXFileReference; lastKnownFileType = wrapper.framework; name = CoreText.framework; path = System/Library/Frameworks/CoreText.framework; sourceTree = SDKROOT; };
		4544279A1826B40900EA95BD /* CoreLocation.framework */ = {isa = PBXFileReference; lastKnownFileType = wrapper.framework; name = CoreLocation.framework; path = System/Library/Frameworks/CoreLocation.framework; sourceTree = SDKROOT; };
		4544279C1826B40D00EA95BD /* libc++.dylib */ = {isa = PBXFileReference; lastKnownFileType = "compiled.mach-o.dylib"; name = "libc++.dylib"; path = "usr/lib/libc++.dylib"; sourceTree = SDKROOT; };
		4544279E1826B41800EA95BD /* libicucore.dylib */ = {isa = PBXFileReference; lastKnownFileType = "compiled.mach-o.dylib"; name = libicucore.dylib; path = usr/lib/libicucore.dylib; sourceTree = SDKROOT; };
		454427A01826B41D00EA95BD /* libobjc.dylib */ = {isa = PBXFileReference; lastKnownFileType = "compiled.mach-o.dylib"; name = libobjc.dylib; path = usr/lib/libobjc.dylib; sourceTree = SDKROOT; };
		454427A21826B45A00EA95BD /* CoreFoundation.framework */ = {isa = PBXFileReference; lastKnownFileType = wrapper.framework; name = CoreFoundation.framework; path = System/Library/Frameworks/CoreFoundation.framework; sourceTree = SDKROOT; };
		4578F0F416596C71004DA0B2 /* DMAppDelegate.h */ = {isa = PBXFileReference; fileEncoding = 4; lastKnownFileType = sourcecode.c.h; path = DMAppDelegate.h; sourceTree = "<group>"; };
		4578F0FB16596CC3004DA0B2 /* DMAppDelegate.m */ = {isa = PBXFileReference; fileEncoding = 4; lastKnownFileType = sourcecode.c.objc; path = DMAppDelegate.m; sourceTree = "<group>"; };
		4578F0FC16596CC3004DA0B2 /* DMMapPickerViewController.h */ = {isa = PBXFileReference; fileEncoding = 4; lastKnownFileType = sourcecode.c.h; path = DMMapPickerViewController.h; sourceTree = "<group>"; };
		4578F0FD16596CC3004DA0B2 /* DMMapPickerViewController.m */ = {isa = PBXFileReference; fileEncoding = 4; lastKnownFileType = sourcecode.c.objc; path = DMMapPickerViewController.m; sourceTree = "<group>"; };
		4578F0FE16596CC3004DA0B2 /* DMMapViewController.h */ = {isa = PBXFileReference; fileEncoding = 4; lastKnownFileType = sourcecode.c.h; path = DMMapViewController.h; sourceTree = "<group>"; };
		4578F0FF16596CC3004DA0B2 /* DMMapViewController.m */ = {isa = PBXFileReference; fileEncoding = 4; lastKnownFileType = sourcecode.c.objc; path = DMMapViewController.m; sourceTree = "<group>"; };
		4578F10616596CD1004DA0B2 /* DIY Maps for iOS-Info.plist */ = {isa = PBXFileReference; fileEncoding = 4; lastKnownFileType = text.plist.xml; path = "DIY Maps for iOS-Info.plist"; sourceTree = SOURCE_ROOT; };
		4578F10716596CD1004DA0B2 /* DIY Maps for iOS-Prefix.pch */ = {isa = PBXFileReference; fileEncoding = 4; lastKnownFileType = sourcecode.c.h; path = "DIY Maps for iOS-Prefix.pch"; sourceTree = SOURCE_ROOT; };
		4578F10816596CD1004DA0B2 /* main.m */ = {isa = PBXFileReference; fileEncoding = 4; lastKnownFileType = sourcecode.c.objc; path = main.m; sourceTree = SOURCE_ROOT; };
		45A3E9A41795F3FD00289F1A /* DMMapPickerViews.h */ = {isa = PBXFileReference; fileEncoding = 4; lastKnownFileType = sourcecode.c.h; path = DMMapPickerViews.h; sourceTree = "<group>"; };
		45A3E9A51795F3FD00289F1A /* DMMapPickerViews.m */ = {isa = PBXFileReference; fileEncoding = 4; lastKnownFileType = sourcecode.c.objc; path = DMMapPickerViews.m; sourceTree = "<group>"; };
		45C5D05A17E3B3B10026477C /* libxml2.dylib */ = {isa = PBXFileReference; lastKnownFileType = "compiled.mach-o.dylib"; name = libxml2.dylib; path = usr/lib/libxml2.dylib; sourceTree = SDKROOT; };
		45CA605917E3C1BB00E6F835 /* DMProfile.h */ = {isa = PBXFileReference; fileEncoding = 4; lastKnownFileType = sourcecode.c.h; path = DMProfile.h; sourceTree = "<group>"; };
		45CA605A17E3C1BB00E6F835 /* DMProfile.m */ = {isa = PBXFileReference; fileEncoding = 4; lastKnownFileType = sourcecode.c.objc; path = DMProfile.m; sourceTree = "<group>"; };
		45CA606217E3C41800E6F835 /* DMTask.h */ = {isa = PBXFileReference; fileEncoding = 4; lastKnownFileType = sourcecode.c.h; path = DMTask.h; sourceTree = "<group>"; };
		45CA606317E3C41800E6F835 /* DMTask.m */ = {isa = PBXFileReference; fileEncoding = 4; lastKnownFileType = sourcecode.c.objc; path = DMTask.m; sourceTree = "<group>"; };
		45CA607517E3C73800E6F835 /* DMImageProcessor.h */ = {isa = PBXFileReference; fileEncoding = 4; lastKnownFileType = sourcecode.c.h; path = DMImageProcessor.h; sourceTree = "<group>"; };
		45CA607617E3C73800E6F835 /* DMImageProcessor.m */ = {isa = PBXFileReference; fileEncoding = 4; lastKnownFileType = sourcecode.c.objc; path = DMImageProcessor.m; sourceTree = "<group>"; };
		45CA608F17E4680F00E6F835 /* ZipKit.xcodeproj */ = {isa = PBXFileReference; lastKnownFileType = "wrapper.pb-project"; name = ZipKit.xcodeproj; path = ZipKit/ZipKit.xcodeproj; sourceTree = "<group>"; };
		45D824AC19E0060C007E06EC /* Launch Screen.xib */ = {isa = PBXFileReference; fileEncoding = 4; lastKnownFileType = file.xib; path = "Launch Screen.xib"; sourceTree = SOURCE_ROOT; };
		5B0A3FD51805473300A4907B /* Images.xcassets */ = {isa = PBXFileReference; lastKnownFileType = folder.assetcatalog; name = Images.xcassets; path = "DIY Maps for iOS/Images.xcassets"; sourceTree = SOURCE_ROOT; };
		5B121CDE17B25EC8007EB6EB /* DMConfigs.h */ = {isa = PBXFileReference; fileEncoding = 4; lastKnownFileType = sourcecode.c.h; path = DMConfigs.h; sourceTree = "<group>"; };
		5B4CB90E1797F63A00F0CC19 /* UINavigationBar+CBDropShadow.h */ = {isa = PBXFileReference; fileEncoding = 4; lastKnownFileType = sourcecode.c.h; path = "UINavigationBar+CBDropShadow.h"; sourceTree = "<group>"; };
		5B4CB90F1797F63A00F0CC19 /* UINavigationBar+CBDropShadow.m */ = {isa = PBXFileReference; fileEncoding = 4; lastKnownFileType = sourcecode.c.objc; path = "UINavigationBar+CBDropShadow.m"; sourceTree = "<group>"; };
		5B4CB9121797F65100F0CC19 /* CBColorMaskedButton.h */ = {isa = PBXFileReference; fileEncoding = 4; lastKnownFileType = sourcecode.c.h; path = CBColorMaskedButton.h; sourceTree = "<group>"; };
		5B4CB9131797F65100F0CC19 /* CBColorMaskedButton.m */ = {isa = PBXFileReference; fileEncoding = 4; lastKnownFileType = sourcecode.c.objc; path = CBColorMaskedButton.m; sourceTree = "<group>"; };
		5B6E2E6E164D274E00A91687 /* DIY Maps.app */ = {isa = PBXFileReference; explicitFileType = wrapper.application; includeInIndex = 0; path = "DIY Maps.app"; sourceTree = BUILT_PRODUCTS_DIR; };
		5B6E2E72164D274E00A91687 /* UIKit.framework */ = {isa = PBXFileReference; lastKnownFileType = wrapper.framework; name = UIKit.framework; path = System/Library/Frameworks/UIKit.framework; sourceTree = SDKROOT; };
		5B6E2E74164D274E00A91687 /* Foundation.framework */ = {isa = PBXFileReference; lastKnownFileType = wrapper.framework; name = Foundation.framework; path = System/Library/Frameworks/Foundation.framework; sourceTree = SDKROOT; };
		5B6E2E76164D274E00A91687 /* CoreGraphics.framework */ = {isa = PBXFileReference; lastKnownFileType = wrapper.framework; name = CoreGraphics.framework; path = System/Library/Frameworks/CoreGraphics.framework; sourceTree = SDKROOT; };
		5B6E2EF8164D5B6300A91687 /* libz.dylib */ = {isa = PBXFileReference; lastKnownFileType = "compiled.mach-o.dylib"; name = libz.dylib; path = usr/lib/libz.dylib; sourceTree = SDKROOT; };
		5B6E2EFA164D5B7E00A91687 /* QuartzCore.framework */ = {isa = PBXFileReference; lastKnownFileType = wrapper.framework; name = QuartzCore.framework; path = System/Library/Frameworks/QuartzCore.framework; sourceTree = SDKROOT; };
		5B8D527217B153A600A21035 /* CBStyledControls.h */ = {isa = PBXFileReference; fileEncoding = 4; lastKnownFileType = sourcecode.c.h; path = CBStyledControls.h; sourceTree = "<group>"; };
		5B8D527317B153A600A21035 /* CBStyledControls.m */ = {isa = PBXFileReference; fileEncoding = 4; lastKnownFileType = sourcecode.c.objc; path = CBStyledControls.m; sourceTree = "<group>"; };
		5B8D527417B153A600A21035 /* CBStyleKit.h */ = {isa = PBXFileReference; fileEncoding = 4; lastKnownFileType = sourcecode.c.h; path = CBStyleKit.h; sourceTree = "<group>"; };
		5B8D527517B153A600A21035 /* CBStyleKit.m */ = {isa = PBXFileReference; fileEncoding = 4; lastKnownFileType = sourcecode.c.objc; path = CBStyleKit.m; sourceTree = "<group>"; };
		5BEBF45E1795358200FDB77D /* DMConstants.h */ = {isa = PBXFileReference; fileEncoding = 4; lastKnownFileType = sourcecode.c.h; path = DMConstants.h; sourceTree = "<group>"; };
		5BFC1B631795826200BB407D /* BVReorderTableView.h */ = {isa = PBXFileReference; fileEncoding = 4; lastKnownFileType = sourcecode.c.h; path = BVReorderTableView.h; sourceTree = "<group>"; };
		5BFC1B641795826200BB407D /* BVReorderTableView.m */ = {isa = PBXFileReference; fileEncoding = 4; lastKnownFileType = sourcecode.c.objc; path = BVReorderTableView.m; sourceTree = "<group>"; };
		5BFC1D831795976600BB407D /* DMFileManager.h */ = {isa = PBXFileReference; fileEncoding = 4; lastKnownFileType = sourcecode.c.h; path = DMFileManager.h; sourceTree = "<group>"; };
		5BFC1D841795976700BB407D /* DMFileManager.m */ = {isa = PBXFileReference; fileEncoding = 4; lastKnownFileType = sourcecode.c.objc; path = DMFileManager.m; sourceTree = "<group>"; };
		BF5FEAB97F4DEADCFAA9B052 /* Pods.debug.xcconfig */ = {isa = PBXFileReference; includeInIndex = 1; lastKnownFileType = text.xcconfig; name = Pods.debug.xcconfig; path = "../Pods/Target Support Files/Pods/Pods.debug.xcconfig"; sourceTree = "<group>"; };
		DDF19FC59861679A532E7255 /* Pods.framework */ = {isa = PBXFileReference; explicitFileType = wrapper.framework; includeInIndex = 0; path = Pods.framework; sourceTree = BUILT_PRODUCTS_DIR; };
/* End PBXFileReference section */

/* Begin PBXFrameworksBuildPhase section */
		5B6E2E6B164D274E00A91687 /* Frameworks */ = {
			isa = PBXFrameworksBuildPhase;
			buildActionMask = 2147483647;
			files = (
				4544278D1826B3CC00EA95BD /* AVFoundation.framework in Frameworks */,
				4544278F1826B3D600EA95BD /* CoreData.framework in Frameworks */,
				454427A31826B45A00EA95BD /* CoreFoundation.framework in Frameworks */,
				5B6E2E77164D274E00A91687 /* CoreGraphics.framework in Frameworks */,
				4544279B1826B40900EA95BD /* CoreLocation.framework in Frameworks */,
				454427991826B40300EA95BD /* CoreText.framework in Frameworks */,
				5B6E2E75164D274E00A91687 /* Foundation.framework in Frameworks */,
				454427951826B3F900EA95BD /* GLKit.framework in Frameworks */,
				454427971826B3FD00EA95BD /* ImageIO.framework in Frameworks */,
				454427931826B3EE00EA95BD /* OpenGLES.framework in Frameworks */,
				5B6E2EFB164D5B7E00A91687 /* QuartzCore.framework in Frameworks */,
				454427911826B3E300EA95BD /* SystemConfiguration.framework in Frameworks */,
				5B6E2E73164D274E00A91687 /* UIKit.framework in Frameworks */,
				4544279D1826B40D00EA95BD /* libc++.dylib in Frameworks */,
				4544279F1826B41800EA95BD /* libicucore.dylib in Frameworks */,
				454427A11826B41D00EA95BD /* libobjc.dylib in Frameworks */,
				45F9814817E4684500842EB1 /* libtouchzipkit.a in Frameworks */,
				45C5D05B17E3B3B10026477C /* libxml2.dylib in Frameworks */,
				5B6E2EF9164D5B6300A91687 /* libz.dylib in Frameworks */,
				CD9A8ECF2C4FDF9C4A5C9C15 /* Pods.framework in Frameworks */,
			);
			runOnlyForDeploymentPostprocessing = 0;
		};
/* End PBXFrameworksBuildPhase section */

/* Begin PBXGroup section */
		4527B94618706990003A17E9 /* DMMapViewController */ = {
			isa = PBXGroup;
			children = (
				4527B939187066B3003A17E9 /* DMMapView.h */,
				4527B93A187066B3003A17E9 /* DMMapView.m */,
				4578F0FE16596CC3004DA0B2 /* DMMapViewController.h */,
				4578F0FF16596CC3004DA0B2 /* DMMapViewController.m */,
			);
			name = DMMapViewController;
			sourceTree = "<group>";
		};
		459A176217948FC6009CDE06 /* Submodules */ = {
			isa = PBXGroup;
			children = (
				5BFC1B621795826200BB407D /* BVReorderTableView */,
				5B4CB9111797F64500F0CC19 /* CBColorMaskedButton */,
				5B4CB90D1797F63A00F0CC19 /* CBDropShadow */,
				5B8D527117B153A600A21035 /* CBStyleKit */,
				45CA608F17E4680F00E6F835 /* ZipKit.xcodeproj */,
			);
			name = Submodules;
			path = ../Submodules;
			sourceTree = "<group>";
		};
		45A3E9A31795F3E400289F1A /* DMMapPickerViewController */ = {
			isa = PBXGroup;
			children = (
				45A3E9A41795F3FD00289F1A /* DMMapPickerViews.h */,
				45A3E9A51795F3FD00289F1A /* DMMapPickerViews.m */,
				4578F0FC16596CC3004DA0B2 /* DMMapPickerViewController.h */,
				4578F0FD16596CC3004DA0B2 /* DMMapPickerViewController.m */,
			);
			name = DMMapPickerViewController;
			sourceTree = "<group>";
		};
		45CA605817E3C1BB00E6F835 /* DIY Maps Shared */ = {
			isa = PBXGroup;
			children = (
				45CA607517E3C73800E6F835 /* DMImageProcessor.h */,
				45CA607617E3C73800E6F835 /* DMImageProcessor.m */,
				4527B93E187066EA003A17E9 /* DMMapFile.h */,
				4527B93F187066EA003A17E9 /* DMMapFile.m */,
				45CA605917E3C1BB00E6F835 /* DMProfile.h */,
				45CA605A17E3C1BB00E6F835 /* DMProfile.m */,
				45CA606217E3C41800E6F835 /* DMTask.h */,
				45CA606317E3C41800E6F835 /* DMTask.m */,
			);
			name = "DIY Maps Shared";
			path = "../DIY Maps Shared";
			sourceTree = "<group>";
		};
		45CA609017E4680F00E6F835 /* Products */ = {
			isa = PBXGroup;
			children = (
				45CA609617E4680F00E6F835 /* ZipKit.framework */,
				45CA609817E4680F00E6F835 /* libzipkit.a */,
				45CA609A17E4680F00E6F835 /* libtouchzipkit.a */,
			);
			name = Products;
			sourceTree = "<group>";
		};
		5B0BAFE31796928A00FCA9A6 /* Services */ = {
			isa = PBXGroup;
			children = (
				5BFC1D831795976600BB407D /* DMFileManager.h */,
				5BFC1D841795976700BB407D /* DMFileManager.m */,
			);
			name = Services;
			sourceTree = "<group>";
		};
		5B4CB8DC1797D67400F0CC19 /* Resources */ = {
			isa = PBXGroup;
			children = (
				5B0A3FD51805473300A4907B /* Images.xcassets */,
				45D824AC19E0060C007E06EC /* Launch Screen.xib */,
			);
			path = Resources;
			sourceTree = "<group>";
		};
		5B4CB90D1797F63A00F0CC19 /* CBDropShadow */ = {
			isa = PBXGroup;
			children = (
				5B4CB90E1797F63A00F0CC19 /* UINavigationBar+CBDropShadow.h */,
				5B4CB90F1797F63A00F0CC19 /* UINavigationBar+CBDropShadow.m */,
			);
			path = CBDropShadow;
			sourceTree = "<group>";
		};
		5B4CB9111797F64500F0CC19 /* CBColorMaskedButton */ = {
			isa = PBXGroup;
			children = (
				5B4CB9121797F65100F0CC19 /* CBColorMaskedButton.h */,
				5B4CB9131797F65100F0CC19 /* CBColorMaskedButton.m */,
			);
			path = CBColorMaskedButton;
			sourceTree = "<group>";
		};
		5B6E2E63164D274E00A91687 = {
			isa = PBXGroup;
			children = (
				45CA605817E3C1BB00E6F835 /* DIY Maps Shared */,
				459A176217948FC6009CDE06 /* Submodules */,
				5B6E2E95164D27AA00A91687 /* Classes */,
				5B4CB8DC1797D67400F0CC19 /* Resources */,
				5B6E2E79164D274E00A91687 /* Supporting Files */,
				5B6E2E71164D274E00A91687 /* Frameworks */,
				5B6E2E6F164D274E00A91687 /* Products */,
				9A608B8E8ED343EC2632BBC7 /* Pods */,
			);
			sourceTree = "<group>";
		};
		5B6E2E6F164D274E00A91687 /* Products */ = {
			isa = PBXGroup;
			children = (
				5B6E2E6E164D274E00A91687 /* DIY Maps.app */,
			);
			name = Products;
			sourceTree = "<group>";
		};
		5B6E2E71164D274E00A91687 /* Frameworks */ = {
			isa = PBXGroup;
			children = (
				454427A21826B45A00EA95BD /* CoreFoundation.framework */,
				454427A01826B41D00EA95BD /* libobjc.dylib */,
				4544279E1826B41800EA95BD /* libicucore.dylib */,
				4544279C1826B40D00EA95BD /* libc++.dylib */,
				4544279A1826B40900EA95BD /* CoreLocation.framework */,
				454427981826B40300EA95BD /* CoreText.framework */,
				454427961826B3FD00EA95BD /* ImageIO.framework */,
				454427941826B3F900EA95BD /* GLKit.framework */,
				454427921826B3EE00EA95BD /* OpenGLES.framework */,
				454427901826B3E300EA95BD /* SystemConfiguration.framework */,
				4544278E1826B3D600EA95BD /* CoreData.framework */,
				4544278C1826B3CC00EA95BD /* AVFoundation.framework */,
				45C5D05A17E3B3B10026477C /* libxml2.dylib */,
				5B6E2EF8164D5B6300A91687 /* libz.dylib */,
				5B6E2EFA164D5B7E00A91687 /* QuartzCore.framework */,
				5B6E2E72164D274E00A91687 /* UIKit.framework */,
				5B6E2E74164D274E00A91687 /* Foundation.framework */,
				5B6E2E76164D274E00A91687 /* CoreGraphics.framework */,
				DDF19FC59861679A532E7255 /* Pods.framework */,
			);
			name = Frameworks;
			sourceTree = "<group>";
		};
		5B6E2E79164D274E00A91687 /* Supporting Files */ = {
			isa = PBXGroup;
			children = (
				4578F10816596CD1004DA0B2 /* main.m */,
				4578F10616596CD1004DA0B2 /* DIY Maps for iOS-Info.plist */,
				4578F10716596CD1004DA0B2 /* DIY Maps for iOS-Prefix.pch */,
			);
			name = "Supporting Files";
			path = DIYMaps;
			sourceTree = "<group>";
		};
		5B6E2E95164D27AA00A91687 /* Classes */ = {
			isa = PBXGroup;
			children = (
				5B121CDE17B25EC8007EB6EB /* DMConfigs.h */,
				5BEBF45E1795358200FDB77D /* DMConstants.h */,
				4578F0F416596C71004DA0B2 /* DMAppDelegate.h */,
				4578F0FB16596CC3004DA0B2 /* DMAppDelegate.m */,
				450BEB2A1820661C00EEFD5B /* CBActivityView.h */,
				450BEB2B1820661C00EEFD5B /* CBActivityView.m */,
				5B0BAFE31796928A00FCA9A6 /* Services */,
				45A3E9A31795F3E400289F1A /* DMMapPickerViewController */,
				4527B94618706990003A17E9 /* DMMapViewController */,
			);
			name = Classes;
			sourceTree = "<group>";
		};
		5B8D527117B153A600A21035 /* CBStyleKit */ = {
			isa = PBXGroup;
			children = (
				5B8D527217B153A600A21035 /* CBStyledControls.h */,
				5B8D527317B153A600A21035 /* CBStyledControls.m */,
				5B8D527417B153A600A21035 /* CBStyleKit.h */,
				5B8D527517B153A600A21035 /* CBStyleKit.m */,
			);
			path = CBStyleKit;
			sourceTree = "<group>";
		};
		5BFC1B621795826200BB407D /* BVReorderTableView */ = {
			isa = PBXGroup;
			children = (
				5BFC1B631795826200BB407D /* BVReorderTableView.h */,
				5BFC1B641795826200BB407D /* BVReorderTableView.m */,
			);
			path = BVReorderTableView;
			sourceTree = "<group>";
		};
		9A608B8E8ED343EC2632BBC7 /* Pods */ = {
			isa = PBXGroup;
			children = (
				BF5FEAB97F4DEADCFAA9B052 /* Pods.debug.xcconfig */,
				3AF9A75C3A73261A1089DAC1 /* Pods.release.xcconfig */,
			);
			name = Pods;
			sourceTree = "<group>";
		};
/* End PBXGroup section */

/* Begin PBXNativeTarget section */
		5B6E2E6D164D274E00A91687 /* DIY Maps for iOS */ = {
			isa = PBXNativeTarget;
			buildConfigurationList = 5B6E2E92164D274E00A91687 /* Build configuration list for PBXNativeTarget "DIY Maps for iOS" */;
			buildPhases = (
				DC03EA6BABE49D1DB3CBFFF6 /* Check Pods Manifest.lock */,
				5B6E2E6A164D274E00A91687 /* Sources */,
				5B6E2E6B164D274E00A91687 /* Frameworks */,
				5B6E2E6C164D274E00A91687 /* Resources */,
				CD24C5B012E29F2369B626B6 /* Embed Pods Frameworks */,
				28D031BE0F970286D91C92B6 /* Copy Pods Resources */,
			);
			buildRules = (
			);
			dependencies = (
				456D015917E46853000C26E3 /* PBXTargetDependency */,
			);
			name = "DIY Maps for iOS";
			productName = DIYMaps;
			productReference = 5B6E2E6E164D274E00A91687 /* DIY Maps.app */;
			productType = "com.apple.product-type.application";
		};
/* End PBXNativeTarget section */

/* Begin PBXProject section */
		5B6E2E65164D274E00A91687 /* Project object */ = {
			isa = PBXProject;
			attributes = {
				LastUpgradeCheck = 0500;
				ORGANIZATIONNAME = Bob;
				TargetAttributes = {
					5B6E2E6D164D274E00A91687 = {
						DevelopmentTeam = L8Q8UK4Z39;
					};
				};
			};
			buildConfigurationList = 5B6E2E68164D274E00A91687 /* Build configuration list for PBXProject "DIY Maps for iOS" */;
			compatibilityVersion = "Xcode 3.2";
			developmentRegion = English;
			hasScannedForEncodings = 0;
			knownRegions = (
				English,
			);
			mainGroup = 5B6E2E63164D274E00A91687;
			productRefGroup = 5B6E2E6F164D274E00A91687 /* Products */;
			projectDirPath = "";
			projectReferences = (
				{
					ProductGroup = 45CA609017E4680F00E6F835 /* Products */;
					ProjectRef = 45CA608F17E4680F00E6F835 /* ZipKit.xcodeproj */;
				},
			);
			projectRoot = "";
			targets = (
				5B6E2E6D164D274E00A91687 /* DIY Maps for iOS */,
			);
		};
/* End PBXProject section */

/* Begin PBXReferenceProxy section */
		45CA609617E4680F00E6F835 /* ZipKit.framework */ = {
			isa = PBXReferenceProxy;
			fileType = wrapper.framework;
			path = ZipKit.framework;
			remoteRef = 45CA609517E4680F00E6F835 /* PBXContainerItemProxy */;
			sourceTree = BUILT_PRODUCTS_DIR;
		};
		45CA609817E4680F00E6F835 /* libzipkit.a */ = {
			isa = PBXReferenceProxy;
			fileType = archive.ar;
			path = libzipkit.a;
			remoteRef = 45CA609717E4680F00E6F835 /* PBXContainerItemProxy */;
			sourceTree = BUILT_PRODUCTS_DIR;
		};
		45CA609A17E4680F00E6F835 /* libtouchzipkit.a */ = {
			isa = PBXReferenceProxy;
			fileType = archive.ar;
			path = libtouchzipkit.a;
			remoteRef = 45CA609917E4680F00E6F835 /* PBXContainerItemProxy */;
			sourceTree = BUILT_PRODUCTS_DIR;
		};
/* End PBXReferenceProxy section */

/* Begin PBXResourcesBuildPhase section */
		5B6E2E6C164D274E00A91687 /* Resources */ = {
			isa = PBXResourcesBuildPhase;
			buildActionMask = 2147483647;
			files = (
				5B0A3FD61805473300A4907B /* Images.xcassets in Resources */,
				45D824AD19E0060C007E06EC /* Launch Screen.xib in Resources */,
			);
			runOnlyForDeploymentPostprocessing = 0;
		};
/* End PBXResourcesBuildPhase section */

/* Begin PBXShellScriptBuildPhase section */
		28D031BE0F970286D91C92B6 /* Copy Pods Resources */ = {
			isa = PBXShellScriptBuildPhase;
			buildActionMask = 2147483647;
			files = (
			);
			inputPaths = (
			);
			name = "Copy Pods Resources";
			outputPaths = (
			);
			runOnlyForDeploymentPostprocessing = 0;
			shellPath = /bin/sh;
			shellScript = "\"${SRCROOT}/../Pods/Target Support Files/Pods/Pods-resources.sh\"\n";
			showEnvVarsInLog = 0;
		};
		CD24C5B012E29F2369B626B6 /* Embed Pods Frameworks */ = {
			isa = PBXShellScriptBuildPhase;
			buildActionMask = 2147483647;
			files = (
			);
			inputPaths = (
			);
			name = "Embed Pods Frameworks";
			outputPaths = (
			);
			runOnlyForDeploymentPostprocessing = 0;
			shellPath = /bin/sh;
			shellScript = "\"${SRCROOT}/../Pods/Target Support Files/Pods/Pods-frameworks.sh\"\n";
			showEnvVarsInLog = 0;
		};
		DC03EA6BABE49D1DB3CBFFF6 /* Check Pods Manifest.lock */ = {
			isa = PBXShellScriptBuildPhase;
			buildActionMask = 2147483647;
			files = (
			);
			inputPaths = (
			);
			name = "Check Pods Manifest.lock";
			outputPaths = (
			);
			runOnlyForDeploymentPostprocessing = 0;
			shellPath = /bin/sh;
			shellScript = "diff \"${PODS_ROOT}/../Podfile.lock\" \"${PODS_ROOT}/Manifest.lock\" > /dev/null\nif [[ $? != 0 ]] ; then\n    cat << EOM\nerror: The sandbox is not in sync with the Podfile.lock. Run 'pod install' or update your CocoaPods installation.\nEOM\n    exit 1\nfi\n";
			showEnvVarsInLog = 0;
		};
/* End PBXShellScriptBuildPhase section */

/* Begin PBXSourcesBuildPhase section */
		5B6E2E6A164D274E00A91687 /* Sources */ = {
			isa = PBXSourcesBuildPhase;
			buildActionMask = 2147483647;
			files = (
				4527B940187066EA003A17E9 /* DMMapFile.m in Sources */,
				4578F10016596CC3004DA0B2 /* DMAppDelegate.m in Sources */,
				4578F10116596CC3004DA0B2 /* DMMapPickerViewController.m in Sources */,
				450BEB2C1820661C00EEFD5B /* CBActivityView.m in Sources */,
				4578F10216596CC3004DA0B2 /* DMMapViewController.m in Sources */,
				4578F10D16596CD1004DA0B2 /* main.m in Sources */,
				45CA606617E3C41800E6F835 /* DMTask.m in Sources */,
				5BFC1B651795826200BB407D /* BVReorderTableView.m in Sources */,
				5BFC1D851795976700BB407D /* DMFileManager.m in Sources */,
				45A3E9A61795F3FD00289F1A /* DMMapPickerViews.m in Sources */,
				5B4CB9101797F63A00F0CC19 /* UINavigationBar+CBDropShadow.m in Sources */,
				5B4CB9141797F65100F0CC19 /* CBColorMaskedButton.m in Sources */,
				45CA605B17E3C1BB00E6F835 /* DMProfile.m in Sources */,
				5B8D527617B153A600A21035 /* CBStyledControls.m in Sources */,
				5B8D527717B153A600A21035 /* CBStyleKit.m in Sources */,
				4527B93B187066B3003A17E9 /* DMMapView.m in Sources */,
				45CA607717E3C73800E6F835 /* DMImageProcessor.m in Sources */,
			);
			runOnlyForDeploymentPostprocessing = 0;
		};
/* End PBXSourcesBuildPhase section */

/* Begin PBXTargetDependency section */
		456D015917E46853000C26E3 /* PBXTargetDependency */ = {
			isa = PBXTargetDependency;
			name = touchzipkit;
			targetProxy = 456D015817E46853000C26E3 /* PBXContainerItemProxy */;
		};
/* End PBXTargetDependency section */

/* Begin XCBuildConfiguration section */
		5B6E2E90164D274E00A91687 /* Debug */ = {
			isa = XCBuildConfiguration;
			buildSettings = {
				CLANG_CXX_LANGUAGE_STANDARD = "gnu++0x";
				CLANG_CXX_LIBRARY = "libc++";
				CLANG_WARN_EMPTY_BODY = YES;
				CLANG_WARN__DUPLICATE_METHOD_MATCH = YES;
				"CODE_SIGN_IDENTITY[sdk=iphoneos*]" = "iPhone Developer";
				GCC_C_LANGUAGE_STANDARD = gnu99;
				GCC_DYNAMIC_NO_PIC = NO;
				GCC_OPTIMIZATION_LEVEL = 0;
				GCC_PREPROCESSOR_DEFINITIONS = (
					"DEBUG=1",
					"$(inherited)",
				);
				GCC_SYMBOLS_PRIVATE_EXTERN = NO;
				GCC_WARN_ABOUT_RETURN_TYPE = YES;
				GCC_WARN_UNINITIALIZED_AUTOS = YES;
				GCC_WARN_UNUSED_VARIABLE = YES;
				IPHONEOS_DEPLOYMENT_TARGET = 8.0;
				ONLY_ACTIVE_ARCH = YES;
				SDKROOT = iphoneos;
				TARGETED_DEVICE_FAMILY = "1,2";
			};
			name = Debug;
		};
		5B6E2E91164D274E00A91687 /* Release */ = {
			isa = XCBuildConfiguration;
			buildSettings = {
				CLANG_CXX_LANGUAGE_STANDARD = "gnu++0x";
				CLANG_CXX_LIBRARY = "libc++";
				CLANG_WARN_EMPTY_BODY = YES;
				CLANG_WARN__DUPLICATE_METHOD_MATCH = YES;
				"CODE_SIGN_IDENTITY[sdk=iphoneos*]" = "iPhone Developer";
				GCC_C_LANGUAGE_STANDARD = gnu99;
				GCC_WARN_ABOUT_RETURN_TYPE = YES;
				GCC_WARN_UNINITIALIZED_AUTOS = YES;
				GCC_WARN_UNUSED_VARIABLE = YES;
				IPHONEOS_DEPLOYMENT_TARGET = 8.0;
				OTHER_CFLAGS = "-DNS_BLOCK_ASSERTIONS=1";
				SDKROOT = iphoneos;
				TARGETED_DEVICE_FAMILY = "1,2";
				VALIDATE_PRODUCT = YES;
			};
			name = Release;
		};
		5B6E2E93164D274E00A91687 /* Debug */ = {
			isa = XCBuildConfiguration;
			baseConfigurationReference = BF5FEAB97F4DEADCFAA9B052 /* Pods.debug.xcconfig */;
			buildSettings = {
				ASSETCATALOG_COMPILER_APPICON_NAME = AppIcon;
				CLANG_ENABLE_OBJC_ARC = YES;
				CODE_SIGN_IDENTITY = "iPhone Developer";
				"CODE_SIGN_IDENTITY[sdk=iphoneos*]" = "iPhone Developer";
				FRAMEWORK_SEARCH_PATHS = (
					"$(SRCROOT)/../Submodules",
					"/Volumes/Documents/Git/DIY-Maps/Submodules",
				);
				GCC_PRECOMPILE_PREFIX_HEADER = YES;
				GCC_PREFIX_HEADER = "DIY Maps for iOS-Prefix.pch";
				HEADER_SEARCH_PATHS = (
					"$(inherited)",
					/usr/include/libxml2,
					"$(SRCROOT)/../Submodules/**",
				);
				INFOPLIST_FILE = "DIY Maps for iOS-Info.plist";
				PRODUCT_NAME = "DIY Maps";
				PROVISIONING_PROFILE = "";
				WRAPPER_EXTENSION = app;
			};
			name = Debug;
		};
		5B6E2E94164D274E00A91687 /* Release */ = {
			isa = XCBuildConfiguration;
			baseConfigurationReference = 3AF9A75C3A73261A1089DAC1 /* Pods.release.xcconfig */;
			buildSettings = {
				ASSETCATALOG_COMPILER_APPICON_NAME = AppIcon;
				CLANG_ENABLE_OBJC_ARC = YES;
				CODE_SIGN_IDENTITY = "iPhone Developer";
				"CODE_SIGN_IDENTITY[sdk=iphoneos*]" = "iPhone Developer";
				FRAMEWORK_SEARCH_PATHS = (
					"$(SRCROOT)/../Submodules",
					"/Volumes/Documents/Git/DIY-Maps/Submodules",
				);
				GCC_PRECOMPILE_PREFIX_HEADER = YES;
				GCC_PREFIX_HEADER = "DIY Maps for iOS-Prefix.pch";
				HEADER_SEARCH_PATHS = (
					"$(inherited)",
					/usr/include/libxml2,
					"$(SRCROOT)/../Submodules/**",
				);
				INFOPLIST_FILE = "DIY Maps for iOS-Info.plist";
				PRODUCT_NAME = "DIY Maps";
				PROVISIONING_PROFILE = "";
				WRAPPER_EXTENSION = app;
			};
			name = Release;
		};
/* End XCBuildConfiguration section */

/* Begin XCConfigurationList section */
		5B6E2E68164D274E00A91687 /* Build configuration list for PBXProject "DIY Maps for iOS" */ = {
			isa = XCConfigurationList;
			buildConfigurations = (
				5B6E2E90164D274E00A91687 /* Debug */,
				5B6E2E91164D274E00A91687 /* Release */,
			);
			defaultConfigurationIsVisible = 0;
			defaultConfigurationName = Release;
		};
		5B6E2E92164D274E00A91687 /* Build configuration list for PBXNativeTarget "DIY Maps for iOS" */ = {
			isa = XCConfigurationList;
			buildConfigurations = (
				5B6E2E93164D274E00A91687 /* Debug */,
				5B6E2E94164D274E00A91687 /* Release */,
			);
			defaultConfigurationIsVisible = 0;
			defaultConfigurationName = Release;
		};
/* End XCConfigurationList section */
	};
	rootObject = 5B6E2E65164D274E00A91687 /* Project object */;
}
